# THIS IS AN AUTOGENERATED FILE. DO NOT EDIT THIS FILE DIRECTLY.
# yarn lockfile v1


"@veupathdb/ortho-site@^1.0.0":
  version "1.0.29"
  resolved "https://registry.yarnpkg.com/@veupathdb/ortho-site/-/ortho-site-1.0.29.tgz#5bf3df8682784c883cb1aa043aba437ddf616154"
  integrity sha512-/wvubKgXj074PjMtavI8ISA4YJasQ1y8JVrINl04H9ZO3EQFKdxjPWBfm5wgNN9N9ZhYVFNVkgFD7JPTjuAwew==
