# THIS IS AN AUTOGENERATED FILE. DO NOT EDIT THIS FILE DIRECTLY.
# yarn lockfile v1


"@veupathdb/ortho-site@^1.0.49":
  version "1.0.65"
  resolved "https://registry.yarnpkg.com/@veupathdb/ortho-site/-/ortho-site-1.0.65.tgz#011ce7c87be2e5036bd635c38d2928597651448e"
  integrity sha512-dnWq9VUJZ5XJ4Vtbhbk7e+7a1KB3371x8K2wpP+LLikZwLYDleiX3iGSXEdu3EJ4icCrNHNeZ5e0Hwlaz9RjxQ==
