# THIS IS AN AUTOGENERATED FILE. DO NOT EDIT THIS FILE DIRECTLY.
# yarn lockfile v1


"@veupathdb/ortho-site@^1.0.49":
  version "1.0.125"
  resolved "https://registry.yarnpkg.com/@veupathdb/ortho-site/-/ortho-site-1.0.125.tgz#1ea37a2ff80b8e62ffaf16d6eb2877f9c9499471"
  integrity sha512-SazrQToXvHXRPjT8dU0qx2QqZxfpggfW+xyofA7GitlST0EnXxtQF0GBDFaA1Cwj3Dv1OeDEB6w4C2/NoATzUA==
